// !$*UTF8*$!
{
	archiveVersion = 1;
	classes = {
	};
	objectVersion = 50;
	objects = {

/* Begin PBXBuildFile section */
		A50CE52724D0CBE6000ECBEB /* Hot_ProspectsApp.swift in Sources */ = {isa = PBXBuildFile; fileRef = A50CE52624D0CBE6000ECBEB /* Hot_ProspectsApp.swift */; };
		A50CE52924D0CBE6000ECBEB /* ContentView.swift in Sources */ = {isa = PBXBuildFile; fileRef = A50CE52824D0CBE6000ECBEB /* ContentView.swift */; };
		A50CE52B24D0CBE8000ECBEB /* Assets.xcassets in Resources */ = {isa = PBXBuildFile; fileRef = A50CE52A24D0CBE8000ECBEB /* Assets.xcassets */; };
		A50CE52E24D0CBE8000ECBEB /* Preview Assets.xcassets in Resources */ = {isa = PBXBuildFile; fileRef = A50CE52D24D0CBE8000ECBEB /* Preview Assets.xcassets */; };
/* End PBXBuildFile section */

/* Begin PBXFileReference section */
		A50CE52324D0CBE6000ECBEB /* Hot Prospects.app */ = {isa = PBXFileReference; explicitFileType = wrapper.application; includeInIndex = 0; path = "Hot Prospects.app"; sourceTree = BUILT_PRODUCTS_DIR; };
		A50CE52624D0CBE6000ECBEB /* Hot_ProspectsApp.swift */ = {isa = PBXFileReference; lastKnownFileType = sourcecode.swift; path = Hot_ProspectsApp.swift; sourceTree = "<group>"; };
		A50CE52824D0CBE6000ECBEB /* ContentView.swift */ = {isa = PBXFileReference; lastKnownFileType = sourcecode.swift; path = ContentView.swift; sourceTree = "<group>"; };
		A50CE52A24D0CBE8000ECBEB /* Assets.xcassets */ = {isa = PBXFileReference; lastKnownFileType = folder.assetcatalog; path = Assets.xcassets; sourceTree = "<group>"; };
		A50CE52D24D0CBE8000ECBEB /* Preview Assets.xcassets */ = {isa = PBXFileReference; lastKnownFileType = folder.assetcatalog; path = "Preview Assets.xcassets"; sourceTree = "<group>"; };
		A50CE52F24D0CBE8000ECBEB /* Info.plist */ = {isa = PBXFileReference; lastKnownFileType = text.plist.xml; path = Info.plist; sourceTree = "<group>"; };
/* End PBXFileReference section */

/* Begin PBXFrameworksBuildPhase section */
		A50CE52024D0CBE6000ECBEB /* Frameworks */ = {
			isa = PBXFrameworksBuildPhase;
			buildActionMask = 2147483647;
			files = (
			);
			runOnlyForDeploymentPostprocessing = 0;
		};
/* End PBXFrameworksBuildPhase section */

/* Begin PBXGroup section */
		A50CE51A24D0CBE6000ECBEB = {
			isa = PBXGroup;
			children = (
				A50CE52524D0CBE6000ECBEB /* Hot Prospects */,
				A50CE52424D0CBE6000ECBEB /* Products */,
			);
			sourceTree = "<group>";
		};
		A50CE52424D0CBE6000ECBEB /* Products */ = {
			isa = PBXGroup;
			children = (
				A50CE52324D0CBE6000ECBEB /* Hot Prospects.app */,
			);
			name = Products;
			sourceTree = "<group>";
		};
		A50CE52524D0CBE6000ECBEB /* Hot Prospects */ = {
			isa = PBXGroup;
			children = (
				A50CE52624D0CBE6000ECBEB /* Hot_ProspectsApp.swift */,
				A50CE52824D0CBE6000ECBEB /* ContentView.swift */,
				A50CE52A24D0CBE8000ECBEB /* Assets.xcassets */,
				A50CE52F24D0CBE8000ECBEB /* Info.plist */,
				A50CE52C24D0CBE8000ECBEB /* Preview Content */,
			);
			path = "Hot Prospects";
			sourceTree = "<group>";
		};
		A50CE52C24D0CBE8000ECBEB /* Preview Content */ = {
			isa = PBXGroup;
			children = (
				A50CE52D24D0CBE8000ECBEB /* Preview Assets.xcassets */,
			);
			path = "Preview Content";
			sourceTree = "<group>";
		};
/* End PBXGroup section */

/* Begin PBXNativeTarget section */
		A50CE52224D0CBE6000ECBEB /* Hot Prospects */ = {
			isa = PBXNativeTarget;
			buildConfigurationList = A50CE53224D0CBE8000ECBEB /* Build configuration list for PBXNativeTarget "Hot Prospects" */;
			buildPhases = (
				A50CE51F24D0CBE6000ECBEB /* Sources */,
				A50CE52024D0CBE6000ECBEB /* Frameworks */,
				A50CE52124D0CBE6000ECBEB /* Resources */,
			);
			buildRules = (
			);
			dependencies = (
			);
			name = "Hot Prospects";
			productName = "Hot Prospects";
			productReference = A50CE52324D0CBE6000ECBEB /* Hot Prospects.app */;
			productType = "com.apple.product-type.application";
		};
/* End PBXNativeTarget section */

/* Begin PBXProject section */
		A50CE51B24D0CBE6000ECBEB /* Project object */ = {
			isa = PBXProject;
			attributes = {
				LastSwiftUpdateCheck = 1200;
				LastUpgradeCheck = 1200;
				TargetAttributes = {
					A50CE52224D0CBE6000ECBEB = {
						CreatedOnToolsVersion = 12.0;
					};
				};
			};
			buildConfigurationList = A50CE51E24D0CBE6000ECBEB /* Build configuration list for PBXProject "Hot Prospects" */;
			compatibilityVersion = "Xcode 9.3";
			developmentRegion = en;
			hasScannedForEncodings = 0;
			knownRegions = (
				en,
				Base,
			);
			mainGroup = A50CE51A24D0CBE6000ECBEB;
			productRefGroup = A50CE52424D0CBE6000ECBEB /* Products */;
			projectDirPath = "";
			projectRoot = "";
			targets = (
				A50CE52224D0CBE6000ECBEB /* Hot Prospects */,
			);
		};
/* End PBXProject section */

/* Begin PBXResourcesBuildPhase section */
		A50CE52124D0CBE6000ECBEB /* Resources */ = {
			isa = PBXResourcesBuildPhase;
			buildActionMask = 2147483647;
			files = (
				A50CE52E24D0CBE8000ECBEB /* Preview Assets.xcassets in Resources */,
				A50CE52B24D0CBE8000ECBEB /* Assets.xcassets in Resources */,
			);
			runOnlyForDeploymentPostprocessing = 0;
		};
/* End PBXResourcesBuildPhase section */

/* Begin PBXSourcesBuildPhase section */
		A50CE51F24D0CBE6000ECBEB /* Sources */ = {
			isa = PBXSourcesBuildPhase;
			buildActionMask = 2147483647;
			files = (
				A50CE52924D0CBE6000ECBEB /* ContentView.swift in Sources */,
				A50CE52724D0CBE6000ECBEB /* Hot_ProspectsApp.swift in Sources */,
			);
			runOnlyForDeploymentPostprocessing = 0;
		};
/* End PBXSourcesBuildPhase section */

/* Begin XCBuildConfiguration section */
		A50CE53024D0CBE8000ECBEB /* Debug */ = {
			isa = XCBuildConfiguration;
			buildSettings = {
				ALWAYS_SEARCH_USER_PATHS = NO;
				CLANG_ANALYZER_NONNULL = YES;
				CLANG_ANALYZER_NUMBER_OBJECT_CONVERSION = YES_AGGRESSIVE;
				CLANG_CXX_LANGUAGE_STANDARD = "gnu++14";
				CLANG_CXX_LIBRARY = "libc++";
				CLANG_ENABLE_MODULES = YES;
				CLANG_ENABLE_OBJC_ARC = YES;
				CLANG_ENABLE_OBJC_WEAK = YES;
				CLANG_WARN_BLOCK_CAPTURE_AUTORELEASING = YES;
				CLANG_WARN_BOOL_CONVERSION = YES;
				CLANG_WARN_COMMA = YES;
				CLANG_WARN_CONSTANT_CONVERSION = YES;
				CLANG_WARN_DEPRECATED_OBJC_IMPLEMENTATIONS = YES;
				CLANG_WARN_DIRECT_OBJC_ISA_USAGE = YES_ERROR;
				CLANG_WARN_DOCUMENTATION_COMMENTS = YES;
				CLANG_WARN_EMPTY_BODY = YES;
				CLANG_WARN_ENUM_CONVERSION = YES;
				CLANG_WARN_INFINITE_RECURSION = YES;
				CLANG_WARN_INT_CONVERSION = YES;
				CLANG_WARN_NON_LITERAL_NULL_CONVERSION = YES;
				CLANG_WARN_OBJC_IMPLICIT_RETAIN_SELF = YES;
				CLANG_WARN_OBJC_LITERAL_CONVERSION = YES;
				CLANG_WARN_OBJC_ROOT_CLASS = YES_ERROR;
				CLANG_WARN_QUOTED_INCLUDE_IN_FRAMEWORK_HEADER = YES;
				CLANG_WARN_RANGE_LOOP_ANALYSIS = YES;
				CLANG_WARN_STRICT_PROTOTYPES = YES;
				CLANG_WARN_SUSPICIOUS_MOVE = YES;
				CLANG_WARN_UNGUARDED_AVAILABILITY = YES_AGGRESSIVE;
				CLANG_WARN_UNREACHABLE_CODE = YES;
				CLANG_WARN__DUPLICATE_METHOD_MATCH = YES;
				COPY_PHASE_STRIP = NO;
				DEBUG_INFORMATION_FORMAT = dwarf;
				ENABLE_STRICT_OBJC_MSGSEND = YES;
				ENABLE_TESTABILITY = YES;
				GCC_C_LANGUAGE_STANDARD = gnu11;
				GCC_DYNAMIC_NO_PIC = NO;
				GCC_NO_COMMON_BLOCKS = YES;
				GCC_OPTIMIZATION_LEVEL = 0;
				GCC_PREPROCESSOR_DEFINITIONS = (
					"DEBUG=1",
					"$(inherited)",
				);
				GCC_WARN_64_TO_32_BIT_CONVERSION = YES;
				GCC_WARN_ABOUT_RETURN_TYPE = YES_ERROR;
				GCC_WARN_UNDECLARED_SELECTOR = YES;
				GCC_WARN_UNINITIALIZED_AUTOS = YES_AGGRESSIVE;
				GCC_WARN_UNUSED_FUNCTION = YES;
				GCC_WARN_UNUSED_VARIABLE = YES;
				IPHONEOS_DEPLOYMENT_TARGET = 14.0;
				MTL_ENABLE_DEBUG_INFO = INCLUDE_SOURCE;
				MTL_FAST_MATH = YES;
				ONLY_ACTIVE_ARCH = YES;
				SDKROOT = iphoneos;
				SWIFT_ACTIVE_COMPILATION_CONDITIONS = DEBUG;
				SWIFT_OPTIMIZATION_LEVEL = "-Onone";
			};
			name = Debug;
		};
		A50CE53124D0CBE8000ECBEB /* Release */ = {
			isa = XCBuildConfiguration;
			buildSettings = {
				ALWAYS_SEARCH_USER_PATHS = NO;
				CLANG_ANALYZER_NONNULL = YES;
				CLANG_ANALYZER_NUMBER_OBJECT_CONVERSION = YES_AGGRESSIVE;
				CLANG_CXX_LANGUAGE_STANDARD = "gnu++14";
				CLANG_CXX_LIBRARY = "libc++";
				CLANG_ENABLE_MODULES = YES;
				CLANG_ENABLE_OBJC_ARC = YES;
				CLANG_ENABLE_OBJC_WEAK = YES;
				CLANG_WARN_BLOCK_CAPTURE_AUTORELEASING = YES;
				CLANG_WARN_BOOL_CONVERSION = YES;
				CLANG_WARN_COMMA = YES;
				CLANG_WARN_CONSTANT_CONVERSION = YES;
				CLANG_WARN_DEPRECATED_OBJC_IMPLEMENTATIONS = YES;
				CLANG_WARN_DIRECT_OBJC_ISA_USAGE = YES_ERROR;
				CLANG_WARN_DOCUMENTATION_COMMENTS = YES;
				CLANG_WARN_EMPTY_BODY = YES;
				CLANG_WARN_ENUM_CONVERSION = YES;
				CLANG_WARN_INFINITE_RECURSION = YES;
				CLANG_WARN_INT_CONVERSION = YES;
				CLANG_WARN_NON_LITERAL_NULL_CONVERSION = YES;
				CLANG_WARN_OBJC_IMPLICIT_RETAIN_SELF = YES;
				CLANG_WARN_OBJC_LITERAL_CONVERSION = YES;
				CLANG_WARN_OBJC_ROOT_CLASS = YES_ERROR;
				CLANG_WARN_QUOTED_INCLUDE_IN_FRAMEWORK_HEADER = YES;
				CLANG_WARN_RANGE_LOOP_ANALYSIS = YES;
				CLANG_WARN_STRICT_PROTOTYPES = YES;
				CLANG_WARN_SUSPICIOUS_MOVE = YES;
				CLANG_WARN_UNGUARDED_AVAILABILITY = YES_AGGRESSIVE;
				CLANG_WARN_UNREACHABLE_CODE = YES;
				CLANG_WARN__DUPLICATE_METHOD_MATCH = YES;
				COPY_PHASE_STRIP = NO;
				DEBUG_INFORMATION_FORMAT = "dwarf-with-dsym";
				ENABLE_NS_ASSERTIONS = NO;
				ENABLE_STRICT_OBJC_MSGSEND = YES;
				GCC_C_LANGUAGE_STANDARD = gnu11;
				GCC_NO_COMMON_BLOCKS = YES;
				GCC_WARN_64_TO_32_BIT_CONVERSION = YES;
				GCC_WARN_ABOUT_RETURN_TYPE = YES_ERROR;
				GCC_WARN_UNDECLARED_SELECTOR = YES;
				GCC_WARN_UNINITIALIZED_AUTOS = YES_AGGRESSIVE;
				GCC_WARN_UNUSED_FUNCTION = YES;
				GCC_WARN_UNUSED_VARIABLE = YES;
				IPHONEOS_DEPLOYMENT_TARGET = 14.0;
				MTL_ENABLE_DEBUG_INFO = NO;
				MTL_FAST_MATH = YES;
				SDKROOT = iphoneos;
				SWIFT_COMPILATION_MODE = wholemodule;
				SWIFT_OPTIMIZATION_LEVEL = "-O";
				VALIDATE_PRODUCT = YES;
			};
			name = Release;
		};
		A50CE53324D0CBE8000ECBEB /* Debug */ = {
			isa = XCBuildConfiguration;
			buildSettings = {
				ASSETCATALOG_COMPILER_APPICON_NAME = AppIcon;
				ASSETCATALOG_COMPILER_GLOBAL_ACCENT_COLOR_NAME = AccentColor;
				CODE_SIGN_STYLE = Automatic;
				DEVELOPMENT_ASSET_PATHS = "\"Hot Prospects/Preview Content\"";
				DEVELOPMENT_TEAM = ZC63HN5N3D;
				ENABLE_PREVIEWS = YES;
				INFOPLIST_FILE = "Hot Prospects/Info.plist";
				IPHONEOS_DEPLOYMENT_TARGET = 14.0;
				LD_RUNPATH_SEARCH_PATHS = (
					"$(inherited)",
					"@executable_path/Frameworks",
				);
				PRODUCT_BUNDLE_IDENTIFIER = "me.goel.nikhil.Hot-Prospects";
				PRODUCT_NAME = "$(TARGET_NAME)";
				SWIFT_VERSION = 5.0;
				TARGETED_DEVICE_FAMILY = "1,2";
			};
			name = Debug;
		};
		A50CE53424D0CBE8000ECBEB /* Release */ = {
			isa = XCBuildConfiguration;
			buildSettings = {
				ASSETCATALOG_COMPILER_APPICON_NAME = AppIcon;
				ASSETCATALOG_COMPILER_GLOBAL_ACCENT_COLOR_NAME = AccentColor;
				CODE_SIGN_STYLE = Automatic;
				DEVELOPMENT_ASSET_PATHS = "\"Hot Prospects/Preview Content\"";
				DEVELOPMENT_TEAM = ZC63HN5N3D;
				ENABLE_PREVIEWS = YES;
				INFOPLIST_FILE = "Hot Prospects/Info.plist";
				IPHONEOS_DEPLOYMENT_TARGET = 14.0;
				LD_RUNPATH_SEARCH_PATHS = (
					"$(inherited)",
					"@executable_path/Frameworks",
				);
				PRODUCT_BUNDLE_IDENTIFIER = "me.goel.nikhil.Hot-Prospects";
				PRODUCT_NAME = "$(TARGET_NAME)";
				SWIFT_VERSION = 5.0;
				TARGETED_DEVICE_FAMILY = "1,2";
			};
			name = Release;
		};
/* End XCBuildConfiguration section */

/* Begin XCConfigurationList section */
		A50CE51E24D0CBE6000ECBEB /* Build configuration list for PBXProject "Hot Prospects" */ = {
			isa = XCConfigurationList;
			buildConfigurations = (
				A50CE53024D0CBE8000ECBEB /* Debug */,
				A50CE53124D0CBE8000ECBEB /* Release */,
			);
			defaultConfigurationIsVisible = 0;
			defaultConfigurationName = Release;
		};
		A50CE53224D0CBE8000ECBEB /* Build configuration list for PBXNativeTarget "Hot Prospects" */ = {
			isa = XCConfigurationList;
			buildConfigurations = (
				A50CE53324D0CBE8000ECBEB /* Debug */,
				A50CE53424D0CBE8000ECBEB /* Release */,
			);
			defaultConfigurationIsVisible = 0;
			defaultConfigurationName = Release;
		};
/* End XCConfigurationList section */
	};
	rootObject = A50CE51B24D0CBE6000ECBEB /* Project object */;
}
